// !$*UTF8*$!
{
	archiveVersion = 1;
	classes = {
	};
	objectVersion = 46;
	objects = {

/* Begin PBXBuildFile section */
		C56C23781EEEB3DB00D02164 /* AppDelegate.m in Sources */ = {isa = PBXBuildFile; fileRef = C56C23771EEEB3DB00D02164 /* AppDelegate.m */; };
		C56C237B1EEEB3DB00D02164 /* main.m in Sources */ = {isa = PBXBuildFile; fileRef = C56C237A1EEEB3DB00D02164 /* main.m */; };
		C56C237E1EEEB3DB00D02164 /* ViewController.m in Sources */ = {isa = PBXBuildFile; fileRef = C56C237D1EEEB3DB00D02164 /* ViewController.m */; };
		C56C23801EEEB3DB00D02164 /* Assets.xcassets in Resources */ = {isa = PBXBuildFile; fileRef = C56C237F1EEEB3DB00D02164 /* Assets.xcassets */; };
		C56C23831EEEB3DB00D02164 /* Main.storyboard in Resources */ = {isa = PBXBuildFile; fileRef = C56C23811EEEB3DB00D02164 /* Main.storyboard */; };
/* End PBXBuildFile section */

/* Begin PBXFileReference section */
		C56C23731EEEB3DB00D02164 /* TableDemo.app */ = {isa = PBXFileReference; explicitFileType = wrapper.application; includeInIndex = 0; path = TableDemo.app; sourceTree = BUILT_PRODUCTS_DIR; };
		C56C23761EEEB3DB00D02164 /* AppDelegate.h */ = {isa = PBXFileReference; lastKnownFileType = sourcecode.c.h; path = AppDelegate.h; sourceTree = "<group>"; };
		C56C23771EEEB3DB00D02164 /* AppDelegate.m */ = {isa = PBXFileReference; lastKnownFileType = sourcecode.c.objc; path = AppDelegate.m; sourceTree = "<group>"; };
		C56C237A1EEEB3DB00D02164 /* main.m */ = {isa = PBXFileReference; lastKnownFileType = sourcecode.c.objc; path = main.m; sourceTree = "<group>"; };
		C56C237C1EEEB3DB00D02164 /* ViewController.h */ = {isa = PBXFileReference; lastKnownFileType = sourcecode.c.h; path = ViewController.h; sourceTree = "<group>"; };
		C56C237D1EEEB3DB00D02164 /* ViewController.m */ = {isa = PBXFileReference; lastKnownFileType = sourcecode.c.objc; path = ViewController.m; sourceTree = "<group>"; };
		C56C237F1EEEB3DB00D02164 /* Assets.xcassets */ = {isa = PBXFileReference; lastKnownFileType = folder.assetcatalog; path = Assets.xcassets; sourceTree = "<group>"; };
		C56C23821EEEB3DB00D02164 /* Base */ = {isa = PBXFileReference; lastKnownFileType = file.storyboard; name = Base; path = Base.lproj/Main.storyboard; sourceTree = "<group>"; };
		C56C23841EEEB3DB00D02164 /* Info.plist */ = {isa = PBXFileReference; lastKnownFileType = text.plist.xml; path = Info.plist; sourceTree = "<group>"; };
/* End PBXFileReference section */

/* Begin PBXFrameworksBuildPhase section */
		C56C23701EEEB3DB00D02164 /* Frameworks */ = {
			isa = PBXFrameworksBuildPhase;
			buildActionMask = 2147483647;
			files = (
			);
			runOnlyForDeploymentPostprocessing = 0;
		};
/* End PBXFrameworksBuildPhase section */

/* Begin PBXGroup section */
		C56C236A1EEEB3DB00D02164 = {
			isa = PBXGroup;
			children = (
				C56C23751EEEB3DB00D02164 /* TableDemo */,
				C56C23741EEEB3DB00D02164 /* Products */,
			);
			sourceTree = "<group>";
		};
		C56C23741EEEB3DB00D02164 /* Products */ = {
			isa = PBXGroup;
			children = (
				C56C23731EEEB3DB00D02164 /* TableDemo.app */,
			);
			name = Products;
			sourceTree = "<group>";
		};
		C56C23751EEEB3DB00D02164 /* TableDemo */ = {
			isa = PBXGroup;
			children = (
				C56C23761EEEB3DB00D02164 /* AppDelegate.h */,
				C56C23771EEEB3DB00D02164 /* AppDelegate.m */,
				C56C237C1EEEB3DB00D02164 /* ViewController.h */,
				C56C237D1EEEB3DB00D02164 /* ViewController.m */,
				C56C237F1EEEB3DB00D02164 /* Assets.xcassets */,
				C56C23811EEEB3DB00D02164 /* Main.storyboard */,
				C56C23841EEEB3DB00D02164 /* Info.plist */,
				C56C23791EEEB3DB00D02164 /* Supporting Files */,
			);
			path = TableDemo;
			sourceTree = "<group>";
		};
		C56C23791EEEB3DB00D02164 /* Supporting Files */ = {
			isa = PBXGroup;
			children = (
				C56C237A1EEEB3DB00D02164 /* main.m */,
			);
			name = "Supporting Files";
			sourceTree = "<group>";
		};
/* End PBXGroup section */

/* Begin PBXNativeTarget section */
		C56C23721EEEB3DB00D02164 /* TableDemo */ = {
			isa = PBXNativeTarget;
			buildConfigurationList = C56C23871EEEB3DB00D02164 /* Build configuration list for PBXNativeTarget "TableDemo" */;
			buildPhases = (
				C56C236F1EEEB3DB00D02164 /* Sources */,
				C56C23701EEEB3DB00D02164 /* Frameworks */,
				C56C23711EEEB3DB00D02164 /* Resources */,
			);
			buildRules = (
			);
			dependencies = (
			);
			name = TableDemo;
			productName = TableDemo;
			productReference = C56C23731EEEB3DB00D02164 /* TableDemo.app */;
			productType = "com.apple.product-type.application";
		};
/* End PBXNativeTarget section */

/* Begin PBXProject section */
		C56C236B1EEEB3DB00D02164 /* Project object */ = {
			isa = PBXProject;
			attributes = {
				LastUpgradeCheck = 0830;
				ORGANIZATIONNAME = "赵睿";
				TargetAttributes = {
					C56C23721EEEB3DB00D02164 = {
						CreatedOnToolsVersion = 8.3.2;
						DevelopmentTeam = 7HN3FL9R65;
						ProvisioningStyle = Automatic;
					};
				};
			};
			buildConfigurationList = C56C236E1EEEB3DB00D02164 /* Build configuration list for PBXProject "TableDemo" */;
			compatibilityVersion = "Xcode 3.2";
			developmentRegion = English;
			hasScannedForEncodings = 0;
			knownRegions = (
				en,
				Base,
			);
			mainGroup = C56C236A1EEEB3DB00D02164;
			productRefGroup = C56C23741EEEB3DB00D02164 /* Products */;
			projectDirPath = "";
			projectRoot = "";
			targets = (
				C56C23721EEEB3DB00D02164 /* TableDemo */,
			);
		};
/* End PBXProject section */

/* Begin PBXResourcesBuildPhase section */
		C56C23711EEEB3DB00D02164 /* Resources */ = {
			isa = PBXResourcesBuildPhase;
			buildActionMask = 2147483647;
			files = (
				C56C23801EEEB3DB00D02164 /* Assets.xcassets in Resources */,
				C56C23831EEEB3DB00D02164 /* Main.storyboard in Resources */,
			);
			runOnlyForDeploymentPostprocessing = 0;
		};
/* End PBXResourcesBuildPhase section */

/* Begin PBXSourcesBuildPhase section */
		C56C236F1EEEB3DB00D02164 /* Sources */ = {
			isa = PBXSourcesBuildPhase;
			buildActionMask = 2147483647;
			files = (
				C56C237E1EEEB3DB00D02164 /* ViewController.m in Sources */,
				C56C237B1EEEB3DB00D02164 /* main.m in Sources */,
				C56C23781EEEB3DB00D02164 /* AppDelegate.m in Sources */,
			);
			runOnlyForDeploymentPostprocessing = 0;
		};
/* End PBXSourcesBuildPhase section */

/* Begin PBXVariantGroup section */
		C56C23811EEEB3DB00D02164 /* Main.storyboard */ = {
			isa = PBXVariantGroup;
			children = (
				C56C23821EEEB3DB00D02164 /* Base */,
			);
			name = Main.storyboard;
			sourceTree = "<group>";
		};
/* End PBXVariantGroup section */

/* Begin XCBuildConfiguration section */
		C56C23851EEEB3DB00D02164 /* Debug */ = {
			isa = XCBuildConfiguration;
			buildSettings = {
				ALWAYS_SEARCH_USER_PATHS = NO;
				CLANG_ANALYZER_NONNULL = YES;
				CLANG_ANALYZER_NUMBER_OBJECT_CONVERSION = YES_AGGRESSIVE;
				CLANG_CXX_LANGUAGE_STANDARD = "gnu++0x";
				CLANG_CXX_LIBRARY = "libc++";
				CLANG_ENABLE_MODULES = YES;
				CLANG_ENABLE_OBJC_ARC = YES;
				CLANG_WARN_BOOL_CONVERSION = YES;
				CLANG_WARN_CONSTANT_CONVERSION = YES;
				CLANG_WARN_DIRECT_OBJC_ISA_USAGE = YES_ERROR;
				CLANG_WARN_DOCUMENTATION_COMMENTS = YES;
				CLANG_WARN_EMPTY_BODY = YES;
				CLANG_WARN_ENUM_CONVERSION = YES;
				CLANG_WARN_INFINITE_RECURSION = YES;
				CLANG_WARN_INT_CONVERSION = YES;
				CLANG_WARN_OBJC_ROOT_CLASS = YES_ERROR;
				CLANG_WARN_SUSPICIOUS_MOVE = YES;
				CLANG_WARN_UNREACHABLE_CODE = YES;
				CLANG_WARN__DUPLICATE_METHOD_MATCH = YES;
				CODE_SIGN_IDENTITY = "-";
				COPY_PHASE_STRIP = NO;
				DEBUG_INFORMATION_FORMAT = dwarf;
				ENABLE_STRICT_OBJC_MSGSEND = YES;
				ENABLE_TESTABILITY = YES;
				GCC_C_LANGUAGE_STANDARD = gnu99;
				GCC_DYNAMIC_NO_PIC = NO;
				GCC_NO_COMMON_BLOCKS = YES;
				GCC_OPTIMIZATION_LEVEL = 0;
				GCC_PREPROCESSOR_DEFINITIONS = (
					"DEBUG=1",
					"$(inherited)",
				);
				GCC_WARN_64_TO_32_BIT_CONVERSION = YES;
				GCC_WARN_ABOUT_RETURN_TYPE = YES_ERROR;
				GCC_WARN_UNDECLARED_SELECTOR = YES;
				GCC_WARN_UNINITIALIZED_AUTOS = YES_AGGRESSIVE;
				GCC_WARN_UNUSED_FUNCTION = YES;
				GCC_WARN_UNUSED_VARIABLE = YES;
				MACOSX_DEPLOYMENT_TARGET = 10.12;
				MTL_ENABLE_DEBUG_INFO = YES;
				ONLY_ACTIVE_ARCH = YES;
				SDKROOT = macosx;
			};
			name = Debug;
		};
		C56C23861EEEB3DB00D02164 /* Release */ = {
			isa = XCBuildConfiguration;
			buildSettings = {
				ALWAYS_SEARCH_USER_PATHS = NO;
				CLANG_ANALYZER_NONNULL = YES;
				CLANG_ANALYZER_NUMBER_OBJECT_CONVERSION = YES_AGGRESSIVE;
				CLANG_CXX_LANGUAGE_STANDARD = "gnu++0x";
				CLANG_CXX_LIBRARY = "libc++";
				CLANG_ENABLE_MODULES = YES;
				CLANG_ENABLE_OBJC_ARC = YES;
				CLANG_WARN_BOOL_CONVERSION = YES;
				CLANG_WARN_CONSTANT_CONVERSION = YES;
				CLANG_WARN_DIRECT_OBJC_ISA_USAGE = YES_ERROR;
				CLANG_WARN_DOCUMENTATION_COMMENTS = YES;
				CLANG_WARN_EMPTY_BODY = YES;
				CLANG_WARN_ENUM_CONVERSION = YES;
				CLANG_WARN_INFINITE_RECURSION = YES;
				CLANG_WARN_INT_CONVERSION = YES;
				CLANG_WARN_OBJC_ROOT_CLASS = YES_ERROR;
				CLANG_WARN_SUSPICIOUS_MOVE = YES;
				CLANG_WARN_UNREACHABLE_CODE = YES;
				CLANG_WARN__DUPLICATE_METHOD_MATCH = YES;
				CODE_SIGN_IDENTITY = "-";
				COPY_PHASE_STRIP = NO;
				DEBUG_INFORMATION_FORMAT = "dwarf-with-dsym";
				ENABLE_NS_ASSERTIONS = NO;
				ENABLE_STRICT_OBJC_MSGSEND = YES;
				GCC_C_LANGUAGE_STANDARD = gnu99;
				GCC_NO_COMMON_BLOCKS = YES;
				GCC_WARN_64_TO_32_BIT_CONVERSION = YES;
				GCC_WARN_ABOUT_RETURN_TYPE = YES_ERROR;
				GCC_WARN_UNDECLARED_SELECTOR = YES;
				GCC_WARN_UNINITIALIZED_AUTOS = YES_AGGRESSIVE;
				GCC_WARN_UNUSED_FUNCTION = YES;
				GCC_WARN_UNUSED_VARIABLE = YES;
				MACOSX_DEPLOYMENT_TARGET = 10.12;
				MTL_ENABLE_DEBUG_INFO = NO;
				SDKROOT = macosx;
			};
			name = Release;
		};
		C56C23881EEEB3DB00D02164 /* Debug */ = {
			isa = XCBuildConfiguration;
			buildSettings = {
				ASSETCATALOG_COMPILER_APPICON_NAME = AppIcon;
				COMBINE_HIDPI_IMAGES = YES;
				DEVELOPMENT_TEAM = 7HN3FL9R65;
				INFOPLIST_FILE = TableDemo/Info.plist;
				LD_RUNPATH_SEARCH_PATHS = "$(inherited) @executable_path/../Frameworks";
				PRODUCT_BUNDLE_IDENTIFIER = com.zhaorui.TableDemo;
				PRODUCT_NAME = "$(TARGET_NAME)";
			};
			name = Debug;
		};
		C56C23891EEEB3DB00D02164 /* Release */ = {
			isa = XCBuildConfiguration;
			buildSettings = {
				ASSETCATALOG_COMPILER_APPICON_NAME = AppIcon;
				COMBINE_HIDPI_IMAGES = YES;
				DEVELOPMENT_TEAM = 7HN3FL9R65;
				INFOPLIST_FILE = TableDemo/Info.plist;
				LD_RUNPATH_SEARCH_PATHS = "$(inherited) @executable_path/../Frameworks";
				PRODUCT_BUNDLE_IDENTIFIER = com.zhaorui.TableDemo;
				PRODUCT_NAME = "$(TARGET_NAME)";
			};
			name = Release;
		};
/* End XCBuildConfiguration section */

/* Begin XCConfigurationList section */
		C56C236E1EEEB3DB00D02164 /* Build configuration list for PBXProject "TableDemo" */ = {
			isa = XCConfigurationList;
			buildConfigurations = (
				C56C23851EEEB3DB00D02164 /* Debug */,
				C56C23861EEEB3DB00D02164 /* Release */,
			);
			defaultConfigurationIsVisible = 0;
			defaultConfigurationName = Release;
		};
		C56C23871EEEB3DB00D02164 /* Build configuration list for PBXNativeTarget "TableDemo" */ = {
			isa = XCConfigurationList;
			buildConfigurations = (
				C56C23881EEEB3DB00D02164 /* Debug */,
				C56C23891EEEB3DB00D02164 /* Release */,
			);
			defaultConfigurationIsVisible = 0;
		};
/* End XCConfigurationList section */
	};
	rootObject = C56C236B1EEEB3DB00D02164 /* Project object */;
}
